<?xml version="1.0" encoding="utf-8"?>
<Project ToolsVersion="4.0" xmlns="http://schemas.microsoft.com/developer/msbuild/2003">
  <ItemGroup>
    <Filter Include="Source Files">
      <UniqueIdentifier>{4FC737F1-C7A5-4376-A066-2A32D752A2FF}</UniqueIdentifier>
      <Extensions>cpp;c;cc;cxx;c++;cppm;ixx;def;odl;idl;hpj;bat;asm;asmx</Extensions>
    </Filter>
    <Filter Include="Header Files">
      <UniqueIdentifier>{93995380-89BD-4b04-88EB-625FBE52EBFB}</UniqueIdentifier>
      <Extensions>h;hh;hpp;hxx;h++;hm;inl;inc;ipp;xsd</Extensions>
    </Filter>
    <Filter Include="Resource Files">
      <UniqueIdentifier>{67DA6AB6-F800-4c08-8B7A-83BB121AAD01}</UniqueIdentifier>
      <Extensions>rc;ico;cur;bmp;dlg;rc2;rct;bin;rgs;gif;jpg;jpeg;jpe;resx;tiff;tif;png;wav;mfcribbon-ms</Extensions>
    </Filter>
    <Filter Include="Shaders">
      <UniqueIdentifier>{dd0fef93-4b57-4242-bd02-e83cff8d4b1e}</UniqueIdentifier>
    </Filter>
    <Filter Include="IMGUI sources">
      <UniqueIdentifier>{20e300a8-f3d4-4792-b37e-18d3d42451cd}</UniqueIdentifier>
    </Filter>
  </ItemGroup>
  <ItemGroup>
    <ClCompile Include="Source.cpp">
      <Filter>Source Files</Filter>
    </ClCompile>
    <ClCompile Include="GraphicsAPI.cpp">
      <Filter>Source Files</Filter>
    </ClCompile>
    <ClCompile Include="InConstantBuffer.cpp">
      <Filter>Source Files</Filter>
    </ClCompile>
    <ClCompile Include="GapiDx11VertexShader.h">
      <Filter>Header Files</Filter>
    </ClCompile>
    <ClCompile Include="InIndexBuffer.cpp">
      <Filter>Source Files</Filter>
    </ClCompile>
    <ClCompile Include="Constantbuffer.cpp">
      <Filter>Source Files</Filter>
    </ClCompile>
    <ClCompile Include="VertexBuffer.cpp">
      <Filter>Source Files</Filter>
    </ClCompile>
    <ClCompile Include="swapChain.h">
      <Filter>Header Files</Filter>
    </ClCompile>
    <ClCompile Include="..\..\..\..\..\..\Devlibs\imgui-master\imgui_widgets.cpp">
      <Filter>IMGUI sources</Filter>
    </ClCompile>
    <ClCompile Include="..\..\..\..\..\..\Devlibs\imgui-master\imgui.cpp">
      <Filter>IMGUI sources</Filter>
    </ClCompile>
    <ClCompile Include="..\..\..\..\..\..\Devlibs\imgui-master\imgui_demo.cpp">
      <Filter>IMGUI sources</Filter>
    </ClCompile>
    <ClCompile Include="..\..\..\..\..\..\Devlibs\imgui-master\imgui_draw.cpp">
      <Filter>IMGUI sources</Filter>
    </ClCompile>
    <ClCompile Include="..\..\..\..\..\..\Devlibs\imgui-master\imgui_tables.cpp">
      <Filter>IMGUI sources</Filter>
    </ClCompile>
    <ClCompile Include="..\..\..\..\..\..\Devlibs\imgui-master\backends\imgui_impl_dx11.cpp">
      <Filter>IMGUI sources</Filter>
    </ClCompile>
    <ClCompile Include="..\..\..\..\..\..\Devlibs\imgui-master\backends\imgui_impl_win32.cpp">
      <Filter>IMGUI sources</Filter>
    </ClCompile>
    <ClCompile Include="Dx11texture.h">
      <Filter>Header Files</Filter>
    </ClCompile>
    <ClCompile Include="pase.cpp">
      <Filter>Source Files</Filter>
    </ClCompile>
    <ClCompile Include="Dx11ViewPort.cpp">
      <Filter>Source Files</Filter>
    </ClCompile>
    <ClCompile Include="Dx11SAmpler.cpp">
      <Filter>Source Files</Filter>
    </ClCompile>
    <ClCompile Include="RenderElement.cpp">
      <Filter>Source Files</Filter>
    </ClCompile>
    <ClCompile Include="Dx11Topology.cpp">
      <Filter>Source Files</Filter>
    </ClCompile>
    <ClCompile Include="RenderMaterial.cpp">
      <Filter>Source Files</Filter>
    </ClCompile>
    <ClCompile Include="Shader.cpp">
      <Filter>Source Files</Filter>
    </ClCompile>
    <ClCompile Include="Dx11texture.cpp">
      <Filter>Source Files</Filter>
    </ClCompile>
    <ClCompile Include="ShaderResource.h">
      <Filter>Header Files</Filter>
    </ClCompile>
    <ClCompile Include="RenderTarget.cpp">
      <Filter>Source Files</Filter>
    </ClCompile>
    <ClCompile Include="Camera.cpp">
      <Filter>Source Files</Filter>
    </ClCompile>
    <ClCompile Include="RasterizerState.cpp">
      <Filter>Source Files</Filter>
    </ClCompile>
    <ClCompile Include="Dx11RasterizerState.cpp">
      <Filter>Source Files</Filter>
    </ClCompile>
  </ItemGroup>
  <ItemGroup>
    <ClInclude Include="..\..\..\..\Downloads\Resource.h">
      <Filter>Resource Files</Filter>
    </ClInclude>
    <ClInclude Include="GraphicsAPI.h">
      <Filter>Header Files</Filter>
    </ClInclude>
    <ClInclude Include="ConstantBuffer.h">
      <Filter>Header Files</Filter>
    </ClInclude>
    <ClInclude Include="VertexBuffer.h">
      <Filter>Header Files</Filter>
    </ClInclude>
    <ClInclude Include="IndexBuffer.h">
      <Filter>Header Files</Filter>
    </ClInclude>
    <ClInclude Include="IPixelShader.h">
      <Filter>Header Files</Filter>
    </ClInclude>
    <ClInclude Include="BufferResource.h">
      <Filter>Header Files</Filter>
    </ClInclude>
    <ClInclude Include="Base.h">
      <Filter>Header Files</Filter>
    </ClInclude>
    <ClInclude Include="RenderResource.h">
      <Filter>Header Files</Filter>
    </ClInclude>
    <ClInclude Include="..\..\..\..\..\..\Devlibs\imgui-master\imconfig.h">
      <Filter>IMGUI sources</Filter>
    </ClInclude>
    <ClInclude Include="..\..\..\..\..\..\Devlibs\imgui-master\imgui.h">
      <Filter>IMGUI sources</Filter>
    </ClInclude>
    <ClInclude Include="..\..\..\..\..\..\Devlibs\imgui-master\imgui_internal.h">
      <Filter>IMGUI sources</Filter>
    </ClInclude>
    <ClInclude Include="..\..\..\..\..\..\Devlibs\imgui-master\backends\imgui_impl_dx11.h">
      <Filter>IMGUI sources</Filter>
    </ClInclude>
    <ClInclude Include="..\..\..\..\..\..\Devlibs\imgui-master\backends\imgui_impl_win32.h">
      <Filter>IMGUI sources</Filter>
    </ClInclude>
    <ClInclude Include="texture.h">
      <Filter>Header Files</Filter>
    </ClInclude>
    <ClInclude Include="Shader.h">
      <Filter>Header Files</Filter>
    </ClInclude>
    <ClInclude Include="Dx11Shaders.h">
      <Filter>Header Files</Filter>
    </ClInclude>
    <ClInclude Include="pase.h">
      <Filter>Header Files</Filter>
    </ClInclude>
    <ClInclude Include="Sampler.h">
      <Filter>Header Files</Filter>
    </ClInclude>
    <ClInclude Include="ViewPort.h">
      <Filter>Header Files</Filter>
    </ClInclude>
    <ClInclude Include="DepthStencil.h">
      <Filter>Header Files</Filter>
    </ClInclude>
    <ClInclude Include="Dx11ViewPort.h">
      <Filter>Header Files</Filter>
    </ClInclude>
    <ClInclude Include="Dx11Sampler.h">
      <Filter>Header Files</Filter>
    </ClInclude>
    <ClInclude Include="RenderElement.h">
      <Filter>Header Files</Filter>
    </ClInclude>
    <ClInclude Include="PrimitiveTopology.h">
      <Filter>Header Files</Filter>
    </ClInclude>
    <ClInclude Include="Dx11Topology.h">
      <Filter>Header Files</Filter>
    </ClInclude>
    <ClInclude Include="RenderMaterial.h">
      <Filter>Header Files</Filter>
    </ClInclude>
    <ClInclude Include="RenderTarget.h">
      <Filter>Header Files</Filter>
    </ClInclude>
    <ClInclude Include="Camera.h">
      <Filter>Header Files</Filter>
    </ClInclude>
    <ClInclude Include="RasterizerState.h">
      <Filter>Header Files</Filter>
    </ClInclude>
    <ClInclude Include="RasterizerDesc.h">
      <Filter>Header Files</Filter>
    </ClInclude>
    <ClInclude Include="Dx11RasterizerState.h">
      <Filter>Header Files</Filter>
    </ClInclude>
  </ItemGroup>
  <ItemGroup>
    <None Include="..\..\..\..\Downloads\Tutorial07.fxh">
      <Filter>Shaders</Filter>
    </None>
  </ItemGroup>
</Project>